
Microsoft Visual Studio Solution File, Format Version 12.00
# Visual Studio Version 17
VisualStudioVersion = 17.3.32922.545
MinimumVisualStudioVersion = 10.0.40219.1
Project("{FAE04EC0-301F-11D3-BF4B-00C04F79EFBC}") = "Project", "Project\Project.csproj", "{42D9AA01-34AD-4C62-B639-A7783F17C752}"
EndProject
Global
	GlobalSection(SolutionConfigurationPlatforms) = preSolution
		Debug|Any CPU = Debug|Any CPU
		Release|Any CPU = Release|Any CPU
	EndGlobalSection
	GlobalSection(ProjectConfigurationPlatforms) = postSolution
		{42D9AA01-34AD-4C62-B639-A7783F17C752}.Debug|Any CPU.ActiveCfg = Debug|Any CPU
		{42D9AA01-34AD-4C62-B639-A7783F17C752}.Debug|Any CPU.Build.0 = Debug|Any CPU
		{42D9AA01-34AD-4C62-B639-A7783F17C752}.Release|Any CPU.ActiveCfg = Release|Any CPU
		{42D9AA01-34AD-4C62-B639-A7783F17C752}.Release|Any CPU.Build.0 = Release|Any CPU
	EndGlobalSection
	GlobalSection(SolutionProperties) = preSolution
		HideSolutionNode = FALSE
	EndGlobalSection
	GlobalSection(ExtensibilityGlobals) = postSolution
		SolutionGuid = {18E76233-F140-49FD-A892-576FFB29D669}
	EndGlobalSection
EndGlobal
